
Microsoft Visual Studio Solution File, Format Version 12.00
# Visual Studio Version 16
VisualStudioVersion = 16.0.30503.244
MinimumVisualStudioVersion = 10.0.40219.1
Project("{FAE04EC0-301F-11D3-BF4B-00C04F79EFBC}") = "Function", "Function\Function.csproj", "{412C957F-FD8E-4F1D-BD82-41931DEC3D16}"
EndProject
Global
	GlobalSection(SolutionConfigurationPlatforms) = preSolution
		Debug|Any CPU = Debug|Any CPU
		Release|Any CPU = Release|Any CPU
	EndGlobalSection
	GlobalSection(ProjectConfigurationPlatforms) = postSolution
		{412C957F-FD8E-4F1D-BD82-41931DEC3D16}.Debug|Any CPU.ActiveCfg = Debug|Any CPU
		{412C957F-FD8E-4F1D-BD82-41931DEC3D16}.Debug|Any CPU.Build.0 = Debug|Any CPU
		{412C957F-FD8E-4F1D-BD82-41931DEC3D16}.Release|Any CPU.ActiveCfg = Release|Any CPU
		{412C957F-FD8E-4F1D-BD82-41931DEC3D16}.Release|Any CPU.Build.0 = Release|Any CPU
	EndGlobalSection
	GlobalSection(SolutionProperties) = preSolution
		HideSolutionNode = FALSE
	EndGlobalSection
	GlobalSection(ExtensibilityGlobals) = postSolution
		SolutionGuid = {BE097F8D-3CDB-4FEC-A5CF-4AFC07F78729}
	EndGlobalSection
EndGlobal
