
Microsoft Visual Studio Solution File, Format Version 12.00
# Visual Studio Version 16
VisualStudioVersion = 16.0.30503.244
MinimumVisualStudioVersion = 10.0.40219.1
Project("{FAE04EC0-301F-11D3-BF4B-00C04F79EFBC}") = "horse", "horse.csproj", "{CC474B83-5921-49DE-B47F-F245A6B94135}"
EndProject
Global
	GlobalSection(SolutionConfigurationPlatforms) = preSolution
		Debug|Any CPU = Debug|Any CPU
		Release|Any CPU = Release|Any CPU
	EndGlobalSection
	GlobalSection(ProjectConfigurationPlatforms) = postSolution
		{CC474B83-5921-49DE-B47F-F245A6B94135}.Debug|Any CPU.ActiveCfg = Debug|Any CPU
		{CC474B83-5921-49DE-B47F-F245A6B94135}.Debug|Any CPU.Build.0 = Debug|Any CPU
		{CC474B83-5921-49DE-B47F-F245A6B94135}.Release|Any CPU.ActiveCfg = Release|Any CPU
		{CC474B83-5921-49DE-B47F-F245A6B94135}.Release|Any CPU.Build.0 = Release|Any CPU
	EndGlobalSection
	GlobalSection(SolutionProperties) = preSolution
		HideSolutionNode = FALSE
	EndGlobalSection
	GlobalSection(ExtensibilityGlobals) = postSolution
		SolutionGuid = {6AE8D57C-EEF2-4A3B-AC79-E1DF2138F93D}
	EndGlobalSection
EndGlobal
